// !$*UTF8*$!
{
	archiveVersion = 1;
	classes = {
	};
	objectVersion = 50;
	objects = {

/* Begin PBXBuildFile section */
		C16E08D926F74F77004D5DB2 /* AnimalListItemView.swift in Sources */ = {isa = PBXBuildFile; fileRef = C16E08D826F74F77004D5DB2 /* AnimalListItemView.swift */; };
		C16E08DB26F75122004D5DB2 /* AnimalModel.swift in Sources */ = {isa = PBXBuildFile; fileRef = C16E08DA26F75122004D5DB2 /* AnimalModel.swift */; };
		C19640ED26F747BF00FB5163 /* CoverImageView.swift in Sources */ = {isa = PBXBuildFile; fileRef = C19640EC26F747BF00FB5163 /* CoverImageView.swift */; };
		C19640F026F7491100FB5163 /* CoverImageModel.swift in Sources */ = {isa = PBXBuildFile; fileRef = C19640EF26F7491100FB5163 /* CoverImageModel.swift */; };
		C19640F326F749F800FB5163 /* CodableBundleExtension.swift in Sources */ = {isa = PBXBuildFile; fileRef = C19640F226F749F800FB5163 /* CodableBundleExtension.swift */; };
		C1CA220626F756B70097C637 /* AnimalDetailView.swift in Sources */ = {isa = PBXBuildFile; fileRef = C1CA220526F756B70097C637 /* AnimalDetailView.swift */; };
		C1CA220826F759AD0097C637 /* HeadingView.swift in Sources */ = {isa = PBXBuildFile; fileRef = C1CA220726F759AD0097C637 /* HeadingView.swift */; };
		C1CA220A26F75ABA0097C637 /* InsetGalleryView.swift in Sources */ = {isa = PBXBuildFile; fileRef = C1CA220926F75ABA0097C637 /* InsetGalleryView.swift */; };
		C1CA220C26F761520097C637 /* InsetFactView.swift in Sources */ = {isa = PBXBuildFile; fileRef = C1CA220B26F761520097C637 /* InsetFactView.swift */; };
		C1CA220E26F763370097C637 /* InsetMapView.swift in Sources */ = {isa = PBXBuildFile; fileRef = C1CA220D26F763370097C637 /* InsetMapView.swift */; };
		C1CA221026F766BC0097C637 /* ExternalWeblinkView.swift in Sources */ = {isa = PBXBuildFile; fileRef = C1CA220F26F766BC0097C637 /* ExternalWeblinkView.swift */; };
		C1CA221226F775580097C637 /* VideoModel.swift in Sources */ = {isa = PBXBuildFile; fileRef = C1CA221126F775580097C637 /* VideoModel.swift */; };
		C1CA221426F775DF0097C637 /* VideoListItem.swift in Sources */ = {isa = PBXBuildFile; fileRef = C1CA221326F775DF0097C637 /* VideoListItem.swift */; };
		C1CA6F9626F7A37D0024AE9F /* NationalParkLocationModel.swift in Sources */ = {isa = PBXBuildFile; fileRef = C1CA6F9526F7A37D0024AE9F /* NationalParkLocationModel.swift */; };
		C1CA6F9826F7A75F0024AE9F /* MapAnnotationView.swift in Sources */ = {isa = PBXBuildFile; fileRef = C1CA6F9726F7A75F0024AE9F /* MapAnnotationView.swift */; };
		C1CA6F9A26F7AED20024AE9F /* MotionAnimationView.swift in Sources */ = {isa = PBXBuildFile; fileRef = C1CA6F9926F7AED20024AE9F /* MotionAnimationView.swift */; };
		C1DFD03726F6B2F60080E388 /* AfricaApp.swift in Sources */ = {isa = PBXBuildFile; fileRef = C1DFD03626F6B2F60080E388 /* AfricaApp.swift */; };
		C1DFD03926F6B2F60080E388 /* ContentView.swift in Sources */ = {isa = PBXBuildFile; fileRef = C1DFD03826F6B2F60080E388 /* ContentView.swift */; };
		C1DFD03B26F6B2F60080E388 /* Assets.xcassets in Resources */ = {isa = PBXBuildFile; fileRef = C1DFD03A26F6B2F60080E388 /* Assets.xcassets */; };
		C1DFD03E26F6B2F60080E388 /* Preview Assets.xcassets in Resources */ = {isa = PBXBuildFile; fileRef = C1DFD03D26F6B2F60080E388 /* Preview Assets.xcassets */; };
		C1DFD05A26F6B54C0080E388 /* giraffe.mp4 in Resources */ = {isa = PBXBuildFile; fileRef = C1DFD05026F6B54C0080E388 /* giraffe.mp4 */; };
		C1DFD05B26F6B54C0080E388 /* rhino.mp4 in Resources */ = {isa = PBXBuildFile; fileRef = C1DFD05126F6B54C0080E388 /* rhino.mp4 */; };
		C1DFD05C26F6B54C0080E388 /* gorilla.mp4 in Resources */ = {isa = PBXBuildFile; fileRef = C1DFD05226F6B54C0080E388 /* gorilla.mp4 */; };
		C1DFD05D26F6B54C0080E388 /* cheetah.mp4 in Resources */ = {isa = PBXBuildFile; fileRef = C1DFD05326F6B54C0080E388 /* cheetah.mp4 */; };
		C1DFD05E26F6B54C0080E388 /* lion.mp4 in Resources */ = {isa = PBXBuildFile; fileRef = C1DFD05426F6B54C0080E388 /* lion.mp4 */; };
		C1DFD05F26F6B54C0080E388 /* elephant.mp4 in Resources */ = {isa = PBXBuildFile; fileRef = C1DFD05526F6B54C0080E388 /* elephant.mp4 */; };
		C1DFD06026F6B54C0080E388 /* ostrich.mp4 in Resources */ = {isa = PBXBuildFile; fileRef = C1DFD05626F6B54C0080E388 /* ostrich.mp4 */; };
		C1DFD06126F6B54C0080E388 /* zebra.mp4 in Resources */ = {isa = PBXBuildFile; fileRef = C1DFD05726F6B54C0080E388 /* zebra.mp4 */; };
		C1DFD06226F6B54C0080E388 /* hippo.mp4 in Resources */ = {isa = PBXBuildFile; fileRef = C1DFD05826F6B54C0080E388 /* hippo.mp4 */; };
		C1DFD06326F6B54C0080E388 /* lioness.mp4 in Resources */ = {isa = PBXBuildFile; fileRef = C1DFD05926F6B54C0080E388 /* lioness.mp4 */; };
		C1DFD06926F6B5920080E388 /* animals.json in Resources */ = {isa = PBXBuildFile; fileRef = C1DFD06526F6B5910080E388 /* animals.json */; };
		C1DFD06A26F6B5920080E388 /* locations.json in Resources */ = {isa = PBXBuildFile; fileRef = C1DFD06626F6B5910080E388 /* locations.json */; };
		C1DFD06B26F6B5920080E388 /* videos.json in Resources */ = {isa = PBXBuildFile; fileRef = C1DFD06726F6B5910080E388 /* videos.json */; };
		C1DFD06C26F6B5920080E388 /* covers.json in Resources */ = {isa = PBXBuildFile; fileRef = C1DFD06826F6B5920080E388 /* covers.json */; };
		C1DFD06F26F6B6CA0080E388 /* VideoListView.swift in Sources */ = {isa = PBXBuildFile; fileRef = C1DFD06E26F6B6CA0080E388 /* VideoListView.swift */; };
		C1DFD07126F6B6DA0080E388 /* MapView.swift in Sources */ = {isa = PBXBuildFile; fileRef = C1DFD07026F6B6DA0080E388 /* MapView.swift */; };
		C1DFD07326F6B7020080E388 /* GalleryView.swift in Sources */ = {isa = PBXBuildFile; fileRef = C1DFD07226F6B7020080E388 /* GalleryView.swift */; };
		C1DFD07526F6B7160080E388 /* MainView.swift in Sources */ = {isa = PBXBuildFile; fileRef = C1DFD07426F6B7160080E388 /* MainView.swift */; };
		C1F55E3C26F79A5A00799E4B /* VideoPlayerView.swift in Sources */ = {isa = PBXBuildFile; fileRef = C1F55E3B26F79A5A00799E4B /* VideoPlayerView.swift */; };
		C1F55E3F26F79B0B00799E4B /* VideoPlayerHelper.swift in Sources */ = {isa = PBXBuildFile; fileRef = C1F55E3E26F79B0B00799E4B /* VideoPlayerHelper.swift */; };
/* End PBXBuildFile section */

/* Begin PBXFileReference section */
		C16E08D826F74F77004D5DB2 /* AnimalListItemView.swift */ = {isa = PBXFileReference; lastKnownFileType = sourcecode.swift; path = AnimalListItemView.swift; sourceTree = "<group>"; };
		C16E08DA26F75122004D5DB2 /* AnimalModel.swift */ = {isa = PBXFileReference; lastKnownFileType = sourcecode.swift; path = AnimalModel.swift; sourceTree = "<group>"; };
		C19640EC26F747BF00FB5163 /* CoverImageView.swift */ = {isa = PBXFileReference; lastKnownFileType = sourcecode.swift; path = CoverImageView.swift; sourceTree = "<group>"; };
		C19640EF26F7491100FB5163 /* CoverImageModel.swift */ = {isa = PBXFileReference; lastKnownFileType = sourcecode.swift; path = CoverImageModel.swift; sourceTree = "<group>"; };
		C19640F226F749F800FB5163 /* CodableBundleExtension.swift */ = {isa = PBXFileReference; lastKnownFileType = sourcecode.swift; path = CodableBundleExtension.swift; sourceTree = "<group>"; };
		C1CA220526F756B70097C637 /* AnimalDetailView.swift */ = {isa = PBXFileReference; lastKnownFileType = sourcecode.swift; path = AnimalDetailView.swift; sourceTree = "<group>"; };
		C1CA220726F759AD0097C637 /* HeadingView.swift */ = {isa = PBXFileReference; lastKnownFileType = sourcecode.swift; path = HeadingView.swift; sourceTree = "<group>"; };
		C1CA220926F75ABA0097C637 /* InsetGalleryView.swift */ = {isa = PBXFileReference; lastKnownFileType = sourcecode.swift; path = InsetGalleryView.swift; sourceTree = "<group>"; };
		C1CA220B26F761520097C637 /* InsetFactView.swift */ = {isa = PBXFileReference; lastKnownFileType = sourcecode.swift; path = InsetFactView.swift; sourceTree = "<group>"; };
		C1CA220D26F763370097C637 /* InsetMapView.swift */ = {isa = PBXFileReference; lastKnownFileType = sourcecode.swift; path = InsetMapView.swift; sourceTree = "<group>"; };
		C1CA220F26F766BC0097C637 /* ExternalWeblinkView.swift */ = {isa = PBXFileReference; lastKnownFileType = sourcecode.swift; path = ExternalWeblinkView.swift; sourceTree = "<group>"; };
		C1CA221126F775580097C637 /* VideoModel.swift */ = {isa = PBXFileReference; lastKnownFileType = sourcecode.swift; path = VideoModel.swift; sourceTree = "<group>"; };
		C1CA221326F775DF0097C637 /* VideoListItem.swift */ = {isa = PBXFileReference; lastKnownFileType = sourcecode.swift; path = VideoListItem.swift; sourceTree = "<group>"; };
		C1CA6F9526F7A37D0024AE9F /* NationalParkLocationModel.swift */ = {isa = PBXFileReference; lastKnownFileType = sourcecode.swift; path = NationalParkLocationModel.swift; sourceTree = "<group>"; };
		C1CA6F9726F7A75F0024AE9F /* MapAnnotationView.swift */ = {isa = PBXFileReference; lastKnownFileType = sourcecode.swift; path = MapAnnotationView.swift; sourceTree = "<group>"; };
		C1CA6F9926F7AED20024AE9F /* MotionAnimationView.swift */ = {isa = PBXFileReference; lastKnownFileType = sourcecode.swift; path = MotionAnimationView.swift; sourceTree = "<group>"; };
		C1DFD03326F6B2F60080E388 /* Africa.app */ = {isa = PBXFileReference; explicitFileType = wrapper.application; includeInIndex = 0; path = Africa.app; sourceTree = BUILT_PRODUCTS_DIR; };
		C1DFD03626F6B2F60080E388 /* AfricaApp.swift */ = {isa = PBXFileReference; lastKnownFileType = sourcecode.swift; path = AfricaApp.swift; sourceTree = "<group>"; };
		C1DFD03826F6B2F60080E388 /* ContentView.swift */ = {isa = PBXFileReference; lastKnownFileType = sourcecode.swift; path = ContentView.swift; sourceTree = "<group>"; };
		C1DFD03A26F6B2F60080E388 /* Assets.xcassets */ = {isa = PBXFileReference; lastKnownFileType = folder.assetcatalog; path = Assets.xcassets; sourceTree = "<group>"; };
		C1DFD03D26F6B2F60080E388 /* Preview Assets.xcassets */ = {isa = PBXFileReference; lastKnownFileType = folder.assetcatalog; path = "Preview Assets.xcassets"; sourceTree = "<group>"; };
		C1DFD03F26F6B2F60080E388 /* Info.plist */ = {isa = PBXFileReference; lastKnownFileType = text.plist.xml; path = Info.plist; sourceTree = "<group>"; };
		C1DFD05026F6B54C0080E388 /* giraffe.mp4 */ = {isa = PBXFileReference; lastKnownFileType = file; name = giraffe.mp4; path = "../../../SWIFTUI-APP-AFRICA-UPDATED/Resources/video/giraffe.mp4"; sourceTree = "<group>"; };
		C1DFD05126F6B54C0080E388 /* rhino.mp4 */ = {isa = PBXFileReference; lastKnownFileType = file; name = rhino.mp4; path = "../../../SWIFTUI-APP-AFRICA-UPDATED/Resources/video/rhino.mp4"; sourceTree = "<group>"; };
		C1DFD05226F6B54C0080E388 /* gorilla.mp4 */ = {isa = PBXFileReference; lastKnownFileType = file; name = gorilla.mp4; path = "../../../SWIFTUI-APP-AFRICA-UPDATED/Resources/video/gorilla.mp4"; sourceTree = "<group>"; };
		C1DFD05326F6B54C0080E388 /* cheetah.mp4 */ = {isa = PBXFileReference; lastKnownFileType = file; name = cheetah.mp4; path = "../../../SWIFTUI-APP-AFRICA-UPDATED/Resources/video/cheetah.mp4"; sourceTree = "<group>"; };
		C1DFD05426F6B54C0080E388 /* lion.mp4 */ = {isa = PBXFileReference; lastKnownFileType = file; name = lion.mp4; path = "../../../SWIFTUI-APP-AFRICA-UPDATED/Resources/video/lion.mp4"; sourceTree = "<group>"; };
		C1DFD05526F6B54C0080E388 /* elephant.mp4 */ = {isa = PBXFileReference; lastKnownFileType = file; name = elephant.mp4; path = "../../../SWIFTUI-APP-AFRICA-UPDATED/Resources/video/elephant.mp4"; sourceTree = "<group>"; };
		C1DFD05626F6B54C0080E388 /* ostrich.mp4 */ = {isa = PBXFileReference; lastKnownFileType = file; name = ostrich.mp4; path = "../../../SWIFTUI-APP-AFRICA-UPDATED/Resources/video/ostrich.mp4"; sourceTree = "<group>"; };
		C1DFD05726F6B54C0080E388 /* zebra.mp4 */ = {isa = PBXFileReference; lastKnownFileType = file; name = zebra.mp4; path = "../../../SWIFTUI-APP-AFRICA-UPDATED/Resources/video/zebra.mp4"; sourceTree = "<group>"; };
		C1DFD05826F6B54C0080E388 /* hippo.mp4 */ = {isa = PBXFileReference; lastKnownFileType = file; name = hippo.mp4; path = "../../../SWIFTUI-APP-AFRICA-UPDATED/Resources/video/hippo.mp4"; sourceTree = "<group>"; };
		C1DFD05926F6B54C0080E388 /* lioness.mp4 */ = {isa = PBXFileReference; lastKnownFileType = file; name = lioness.mp4; path = "../../../SWIFTUI-APP-AFRICA-UPDATED/Resources/video/lioness.mp4"; sourceTree = "<group>"; };
		C1DFD06526F6B5910080E388 /* animals.json */ = {isa = PBXFileReference; fileEncoding = 4; lastKnownFileType = text.json; path = animals.json; sourceTree = "<group>"; };
		C1DFD06626F6B5910080E388 /* locations.json */ = {isa = PBXFileReference; fileEncoding = 4; lastKnownFileType = text.json; path = locations.json; sourceTree = "<group>"; };
		C1DFD06726F6B5910080E388 /* videos.json */ = {isa = PBXFileReference; fileEncoding = 4; lastKnownFileType = text.json; path = videos.json; sourceTree = "<group>"; };
		C1DFD06826F6B5920080E388 /* covers.json */ = {isa = PBXFileReference; fileEncoding = 4; lastKnownFileType = text.json; path = covers.json; sourceTree = "<group>"; };
		C1DFD06E26F6B6CA0080E388 /* VideoListView.swift */ = {isa = PBXFileReference; lastKnownFileType = sourcecode.swift; path = VideoListView.swift; sourceTree = "<group>"; };
		C1DFD07026F6B6DA0080E388 /* MapView.swift */ = {isa = PBXFileReference; lastKnownFileType = sourcecode.swift; path = MapView.swift; sourceTree = "<group>"; };
		C1DFD07226F6B7020080E388 /* GalleryView.swift */ = {isa = PBXFileReference; lastKnownFileType = sourcecode.swift; path = GalleryView.swift; sourceTree = "<group>"; };
		C1DFD07426F6B7160080E388 /* MainView.swift */ = {isa = PBXFileReference; lastKnownFileType = sourcecode.swift; path = MainView.swift; sourceTree = "<group>"; };
		C1F55E3B26F79A5A00799E4B /* VideoPlayerView.swift */ = {isa = PBXFileReference; lastKnownFileType = sourcecode.swift; path = VideoPlayerView.swift; sourceTree = "<group>"; };
		C1F55E3E26F79B0B00799E4B /* VideoPlayerHelper.swift */ = {isa = PBXFileReference; lastKnownFileType = sourcecode.swift; path = VideoPlayerHelper.swift; sourceTree = "<group>"; };
/* End PBXFileReference section */

/* Begin PBXFrameworksBuildPhase section */
		C1DFD03026F6B2F60080E388 /* Frameworks */ = {
			isa = PBXFrameworksBuildPhase;
			buildActionMask = 2147483647;
			files = (
			);
			runOnlyForDeploymentPostprocessing = 0;
		};
/* End PBXFrameworksBuildPhase section */

/* Begin PBXGroup section */
		C19640EB26F747AB00FB5163 /* View */ = {
			isa = PBXGroup;
			children = (
				C19640EC26F747BF00FB5163 /* CoverImageView.swift */,
				C16E08D826F74F77004D5DB2 /* AnimalListItemView.swift */,
				C1CA220526F756B70097C637 /* AnimalDetailView.swift */,
				C1CA220726F759AD0097C637 /* HeadingView.swift */,
				C1CA220926F75ABA0097C637 /* InsetGalleryView.swift */,
				C1CA220B26F761520097C637 /* InsetFactView.swift */,
				C1CA220D26F763370097C637 /* InsetMapView.swift */,
				C1CA220F26F766BC0097C637 /* ExternalWeblinkView.swift */,
				C1CA221326F775DF0097C637 /* VideoListItem.swift */,
				C1F55E3B26F79A5A00799E4B /* VideoPlayerView.swift */,
				C1CA6F9726F7A75F0024AE9F /* MapAnnotationView.swift */,
				C1CA6F9926F7AED20024AE9F /* MotionAnimationView.swift */,
			);
			path = View;
			sourceTree = "<group>";
		};
		C19640EE26F748E400FB5163 /* Model */ = {
			isa = PBXGroup;
			children = (
				C19640EF26F7491100FB5163 /* CoverImageModel.swift */,
				C16E08DA26F75122004D5DB2 /* AnimalModel.swift */,
				C1CA221126F775580097C637 /* VideoModel.swift */,
				C1CA6F9526F7A37D0024AE9F /* NationalParkLocationModel.swift */,
			);
			path = Model;
			sourceTree = "<group>";
		};
		C19640F126F749DC00FB5163 /* Extension */ = {
			isa = PBXGroup;
			children = (
				C19640F226F749F800FB5163 /* CodableBundleExtension.swift */,
			);
			path = Extension;
			sourceTree = "<group>";
		};
		C1DFD02A26F6B2F60080E388 = {
			isa = PBXGroup;
			children = (
				C1DFD03526F6B2F60080E388 /* Africa */,
				C1DFD03426F6B2F60080E388 /* Products */,
			);
			sourceTree = "<group>";
		};
		C1DFD03426F6B2F60080E388 /* Products */ = {
			isa = PBXGroup;
			children = (
				C1DFD03326F6B2F60080E388 /* Africa.app */,
			);
			name = Products;
			sourceTree = "<group>";
		};
		C1DFD03526F6B2F60080E388 /* Africa */ = {
			isa = PBXGroup;
			children = (
				C1F55E3D26F79AF300799E4B /* Helpers */,
				C19640F126F749DC00FB5163 /* Extension */,
				C19640EE26F748E400FB5163 /* Model */,
				C19640EB26F747AB00FB5163 /* View */,
				C1DFD06426F6B57B0080E388 /* Data */,
				C1DFD04526F6B4FE0080E388 /* Video */,
				C1DFD06D26F6B6A60080E388 /* App */,
				C1DFD03A26F6B2F60080E388 /* Assets.xcassets */,
				C1DFD03F26F6B2F60080E388 /* Info.plist */,
				C1DFD03C26F6B2F60080E388 /* Preview Content */,
			);
			path = Africa;
			sourceTree = "<group>";
		};
		C1DFD03C26F6B2F60080E388 /* Preview Content */ = {
			isa = PBXGroup;
			children = (
				C1DFD03D26F6B2F60080E388 /* Preview Assets.xcassets */,
			);
			path = "Preview Content";
			sourceTree = "<group>";
		};
		C1DFD04526F6B4FE0080E388 /* Video */ = {
			isa = PBXGroup;
			children = (
				C1DFD05326F6B54C0080E388 /* cheetah.mp4 */,
				C1DFD05526F6B54C0080E388 /* elephant.mp4 */,
				C1DFD05026F6B54C0080E388 /* giraffe.mp4 */,
				C1DFD05226F6B54C0080E388 /* gorilla.mp4 */,
				C1DFD05826F6B54C0080E388 /* hippo.mp4 */,
				C1DFD05426F6B54C0080E388 /* lion.mp4 */,
				C1DFD05926F6B54C0080E388 /* lioness.mp4 */,
				C1DFD05626F6B54C0080E388 /* ostrich.mp4 */,
				C1DFD05126F6B54C0080E388 /* rhino.mp4 */,
				C1DFD05726F6B54C0080E388 /* zebra.mp4 */,
			);
			path = Video;
			sourceTree = "<group>";
		};
		C1DFD06426F6B57B0080E388 /* Data */ = {
			isa = PBXGroup;
			children = (
				C1DFD06526F6B5910080E388 /* animals.json */,
				C1DFD06826F6B5920080E388 /* covers.json */,
				C1DFD06626F6B5910080E388 /* locations.json */,
				C1DFD06726F6B5910080E388 /* videos.json */,
			);
			path = Data;
			sourceTree = "<group>";
		};
		C1DFD06D26F6B6A60080E388 /* App */ = {
			isa = PBXGroup;
			children = (
				C1DFD03626F6B2F60080E388 /* AfricaApp.swift */,
				C1DFD03826F6B2F60080E388 /* ContentView.swift */,
				C1DFD06E26F6B6CA0080E388 /* VideoListView.swift */,
				C1DFD07026F6B6DA0080E388 /* MapView.swift */,
				C1DFD07226F6B7020080E388 /* GalleryView.swift */,
				C1DFD07426F6B7160080E388 /* MainView.swift */,
			);
			path = App;
			sourceTree = "<group>";
		};
		C1F55E3D26F79AF300799E4B /* Helpers */ = {
			isa = PBXGroup;
			children = (
				C1F55E3E26F79B0B00799E4B /* VideoPlayerHelper.swift */,
			);
			path = Helpers;
			sourceTree = "<group>";
		};
/* End PBXGroup section */

/* Begin PBXNativeTarget section */
		C1DFD03226F6B2F60080E388 /* Africa */ = {
			isa = PBXNativeTarget;
			buildConfigurationList = C1DFD04226F6B2F60080E388 /* Build configuration list for PBXNativeTarget "Africa" */;
			buildPhases = (
				C1DFD02F26F6B2F60080E388 /* Sources */,
				C1DFD03026F6B2F60080E388 /* Frameworks */,
				C1DFD03126F6B2F60080E388 /* Resources */,
			);
			buildRules = (
			);
			dependencies = (
			);
			name = Africa;
			productName = Africa;
			productReference = C1DFD03326F6B2F60080E388 /* Africa.app */;
			productType = "com.apple.product-type.application";
		};
/* End PBXNativeTarget section */

/* Begin PBXProject section */
		C1DFD02B26F6B2F60080E388 /* Project object */ = {
			isa = PBXProject;
			attributes = {
				LastSwiftUpdateCheck = 1250;
				LastUpgradeCheck = 1250;
				TargetAttributes = {
					C1DFD03226F6B2F60080E388 = {
						CreatedOnToolsVersion = 12.5.1;
					};
				};
			};
			buildConfigurationList = C1DFD02E26F6B2F60080E388 /* Build configuration list for PBXProject "Africa" */;
			compatibilityVersion = "Xcode 9.3";
			developmentRegion = en;
			hasScannedForEncodings = 0;
			knownRegions = (
				en,
				Base,
			);
			mainGroup = C1DFD02A26F6B2F60080E388;
			productRefGroup = C1DFD03426F6B2F60080E388 /* Products */;
			projectDirPath = "";
			projectRoot = "";
			targets = (
				C1DFD03226F6B2F60080E388 /* Africa */,
			);
		};
/* End PBXProject section */

/* Begin PBXResourcesBuildPhase section */
		C1DFD03126F6B2F60080E388 /* Resources */ = {
			isa = PBXResourcesBuildPhase;
			buildActionMask = 2147483647;
			files = (
				C1DFD06A26F6B5920080E388 /* locations.json in Resources */,
				C1DFD05B26F6B54C0080E388 /* rhino.mp4 in Resources */,
				C1DFD06B26F6B5920080E388 /* videos.json in Resources */,
				C1DFD06226F6B54C0080E388 /* hippo.mp4 in Resources */,
				C1DFD03E26F6B2F60080E388 /* Preview Assets.xcassets in Resources */,
				C1DFD06C26F6B5920080E388 /* covers.json in Resources */,
				C1DFD05E26F6B54C0080E388 /* lion.mp4 in Resources */,
				C1DFD06026F6B54C0080E388 /* ostrich.mp4 in Resources */,
				C1DFD05D26F6B54C0080E388 /* cheetah.mp4 in Resources */,
				C1DFD05F26F6B54C0080E388 /* elephant.mp4 in Resources */,
				C1DFD06926F6B5920080E388 /* animals.json in Resources */,
				C1DFD06126F6B54C0080E388 /* zebra.mp4 in Resources */,
				C1DFD05C26F6B54C0080E388 /* gorilla.mp4 in Resources */,
				C1DFD03B26F6B2F60080E388 /* Assets.xcassets in Resources */,
				C1DFD05A26F6B54C0080E388 /* giraffe.mp4 in Resources */,
				C1DFD06326F6B54C0080E388 /* lioness.mp4 in Resources */,
			);
			runOnlyForDeploymentPostprocessing = 0;
		};
/* End PBXResourcesBuildPhase section */

/* Begin PBXSourcesBuildPhase section */
		C1DFD02F26F6B2F60080E388 /* Sources */ = {
			isa = PBXSourcesBuildPhase;
			buildActionMask = 2147483647;
			files = (
				C1CA221026F766BC0097C637 /* ExternalWeblinkView.swift in Sources */,
				C16E08D926F74F77004D5DB2 /* AnimalListItemView.swift in Sources */,
				C1DFD03926F6B2F60080E388 /* ContentView.swift in Sources */,
				C1DFD07526F6B7160080E388 /* MainView.swift in Sources */,
				C1CA220C26F761520097C637 /* InsetFactView.swift in Sources */,
				C1DFD07126F6B6DA0080E388 /* MapView.swift in Sources */,
				C1DFD03726F6B2F60080E388 /* AfricaApp.swift in Sources */,
				C1CA220626F756B70097C637 /* AnimalDetailView.swift in Sources */,
				C16E08DB26F75122004D5DB2 /* AnimalModel.swift in Sources */,
				C1DFD06F26F6B6CA0080E388 /* VideoListView.swift in Sources */,
				C1F55E3F26F79B0B00799E4B /* VideoPlayerHelper.swift in Sources */,
				C1CA220E26F763370097C637 /* InsetMapView.swift in Sources */,
				C19640F026F7491100FB5163 /* CoverImageModel.swift in Sources */,
				C1CA6F9826F7A75F0024AE9F /* MapAnnotationView.swift in Sources */,
				C19640ED26F747BF00FB5163 /* CoverImageView.swift in Sources */,
				C1CA221226F775580097C637 /* VideoModel.swift in Sources */,
				C1DFD07326F6B7020080E388 /* GalleryView.swift in Sources */,
				C1CA6F9626F7A37D0024AE9F /* NationalParkLocationModel.swift in Sources */,
				C1CA220A26F75ABA0097C637 /* InsetGalleryView.swift in Sources */,
				C1CA221426F775DF0097C637 /* VideoListItem.swift in Sources */,
				C19640F326F749F800FB5163 /* CodableBundleExtension.swift in Sources */,
				C1CA6F9A26F7AED20024AE9F /* MotionAnimationView.swift in Sources */,
				C1CA220826F759AD0097C637 /* HeadingView.swift in Sources */,
				C1F55E3C26F79A5A00799E4B /* VideoPlayerView.swift in Sources */,
			);
			runOnlyForDeploymentPostprocessing = 0;
		};
/* End PBXSourcesBuildPhase section */

/* Begin XCBuildConfiguration section */
		C1DFD04026F6B2F60080E388 /* Debug */ = {
			isa = XCBuildConfiguration;
			buildSettings = {
				ALWAYS_SEARCH_USER_PATHS = NO;
				CLANG_ANALYZER_NONNULL = YES;
				CLANG_ANALYZER_NUMBER_OBJECT_CONVERSION = YES_AGGRESSIVE;
				CLANG_CXX_LANGUAGE_STANDARD = "gnu++14";
				CLANG_CXX_LIBRARY = "libc++";
				CLANG_ENABLE_MODULES = YES;
				CLANG_ENABLE_OBJC_ARC = YES;
				CLANG_ENABLE_OBJC_WEAK = YES;
				CLANG_WARN_BLOCK_CAPTURE_AUTORELEASING = YES;
				CLANG_WARN_BOOL_CONVERSION = YES;
				CLANG_WARN_COMMA = YES;
				CLANG_WARN_CONSTANT_CONVERSION = YES;
				CLANG_WARN_DEPRECATED_OBJC_IMPLEMENTATIONS = YES;
				CLANG_WARN_DIRECT_OBJC_ISA_USAGE = YES_ERROR;
				CLANG_WARN_DOCUMENTATION_COMMENTS = YES;
				CLANG_WARN_EMPTY_BODY = YES;
				CLANG_WARN_ENUM_CONVERSION = YES;
				CLANG_WARN_INFINITE_RECURSION = YES;
				CLANG_WARN_INT_CONVERSION = YES;
				CLANG_WARN_NON_LITERAL_NULL_CONVERSION = YES;
				CLANG_WARN_OBJC_IMPLICIT_RETAIN_SELF = YES;
				CLANG_WARN_OBJC_LITERAL_CONVERSION = YES;
				CLANG_WARN_OBJC_ROOT_CLASS = YES_ERROR;
				CLANG_WARN_QUOTED_INCLUDE_IN_FRAMEWORK_HEADER = YES;
				CLANG_WARN_RANGE_LOOP_ANALYSIS = YES;
				CLANG_WARN_STRICT_PROTOTYPES = YES;
				CLANG_WARN_SUSPICIOUS_MOVE = YES;
				CLANG_WARN_UNGUARDED_AVAILABILITY = YES_AGGRESSIVE;
				CLANG_WARN_UNREACHABLE_CODE = YES;
				CLANG_WARN__DUPLICATE_METHOD_MATCH = YES;
				COPY_PHASE_STRIP = NO;
				DEBUG_INFORMATION_FORMAT = dwarf;
				ENABLE_STRICT_OBJC_MSGSEND = YES;
				ENABLE_TESTABILITY = YES;
				GCC_C_LANGUAGE_STANDARD = gnu11;
				GCC_DYNAMIC_NO_PIC = NO;
				GCC_NO_COMMON_BLOCKS = YES;
				GCC_OPTIMIZATION_LEVEL = 0;
				GCC_PREPROCESSOR_DEFINITIONS = (
					"DEBUG=1",
					"$(inherited)",
				);
				GCC_WARN_64_TO_32_BIT_CONVERSION = YES;
				GCC_WARN_ABOUT_RETURN_TYPE = YES_ERROR;
				GCC_WARN_UNDECLARED_SELECTOR = YES;
				GCC_WARN_UNINITIALIZED_AUTOS = YES_AGGRESSIVE;
				GCC_WARN_UNUSED_FUNCTION = YES;
				GCC_WARN_UNUSED_VARIABLE = YES;
				IPHONEOS_DEPLOYMENT_TARGET = 14.5;
				MTL_ENABLE_DEBUG_INFO = INCLUDE_SOURCE;
				MTL_FAST_MATH = YES;
				ONLY_ACTIVE_ARCH = YES;
				SDKROOT = iphoneos;
				SWIFT_ACTIVE_COMPILATION_CONDITIONS = DEBUG;
				SWIFT_OPTIMIZATION_LEVEL = "-Onone";
			};
			name = Debug;
		};
		C1DFD04126F6B2F60080E388 /* Release */ = {
			isa = XCBuildConfiguration;
			buildSettings = {
				ALWAYS_SEARCH_USER_PATHS = NO;
				CLANG_ANALYZER_NONNULL = YES;
				CLANG_ANALYZER_NUMBER_OBJECT_CONVERSION = YES_AGGRESSIVE;
				CLANG_CXX_LANGUAGE_STANDARD = "gnu++14";
				CLANG_CXX_LIBRARY = "libc++";
				CLANG_ENABLE_MODULES = YES;
				CLANG_ENABLE_OBJC_ARC = YES;
				CLANG_ENABLE_OBJC_WEAK = YES;
				CLANG_WARN_BLOCK_CAPTURE_AUTORELEASING = YES;
				CLANG_WARN_BOOL_CONVERSION = YES;
				CLANG_WARN_COMMA = YES;
				CLANG_WARN_CONSTANT_CONVERSION = YES;
				CLANG_WARN_DEPRECATED_OBJC_IMPLEMENTATIONS = YES;
				CLANG_WARN_DIRECT_OBJC_ISA_USAGE = YES_ERROR;
				CLANG_WARN_DOCUMENTATION_COMMENTS = YES;
				CLANG_WARN_EMPTY_BODY = YES;
				CLANG_WARN_ENUM_CONVERSION = YES;
				CLANG_WARN_INFINITE_RECURSION = YES;
				CLANG_WARN_INT_CONVERSION = YES;
				CLANG_WARN_NON_LITERAL_NULL_CONVERSION = YES;
				CLANG_WARN_OBJC_IMPLICIT_RETAIN_SELF = YES;
				CLANG_WARN_OBJC_LITERAL_CONVERSION = YES;
				CLANG_WARN_OBJC_ROOT_CLASS = YES_ERROR;
				CLANG_WARN_QUOTED_INCLUDE_IN_FRAMEWORK_HEADER = YES;
				CLANG_WARN_RANGE_LOOP_ANALYSIS = YES;
				CLANG_WARN_STRICT_PROTOTYPES = YES;
				CLANG_WARN_SUSPICIOUS_MOVE = YES;
				CLANG_WARN_UNGUARDED_AVAILABILITY = YES_AGGRESSIVE;
				CLANG_WARN_UNREACHABLE_CODE = YES;
				CLANG_WARN__DUPLICATE_METHOD_MATCH = YES;
				COPY_PHASE_STRIP = NO;
				DEBUG_INFORMATION_FORMAT = "dwarf-with-dsym";
				ENABLE_NS_ASSERTIONS = NO;
				ENABLE_STRICT_OBJC_MSGSEND = YES;
				GCC_C_LANGUAGE_STANDARD = gnu11;
				GCC_NO_COMMON_BLOCKS = YES;
				GCC_WARN_64_TO_32_BIT_CONVERSION = YES;
				GCC_WARN_ABOUT_RETURN_TYPE = YES_ERROR;
				GCC_WARN_UNDECLARED_SELECTOR = YES;
				GCC_WARN_UNINITIALIZED_AUTOS = YES_AGGRESSIVE;
				GCC_WARN_UNUSED_FUNCTION = YES;
				GCC_WARN_UNUSED_VARIABLE = YES;
				IPHONEOS_DEPLOYMENT_TARGET = 14.5;
				MTL_ENABLE_DEBUG_INFO = NO;
				MTL_FAST_MATH = YES;
				SDKROOT = iphoneos;
				SWIFT_COMPILATION_MODE = wholemodule;
				SWIFT_OPTIMIZATION_LEVEL = "-O";
				VALIDATE_PRODUCT = YES;
			};
			name = Release;
		};
		C1DFD04326F6B2F60080E388 /* Debug */ = {
			isa = XCBuildConfiguration;
			buildSettings = {
				ASSETCATALOG_COMPILER_APPICON_NAME = AppIcon;
				ASSETCATALOG_COMPILER_GLOBAL_ACCENT_COLOR_NAME = AccentColor;
				CODE_SIGN_STYLE = Automatic;
				DEVELOPMENT_ASSET_PATHS = "\"Africa/Preview Content\"";
				DEVELOPMENT_TEAM = G9S572C5J2;
				ENABLE_PREVIEWS = YES;
				INFOPLIST_FILE = Africa/Info.plist;
				IPHONEOS_DEPLOYMENT_TARGET = 14.0;
				LD_RUNPATH_SEARCH_PATHS = (
					"$(inherited)",
					"@executable_path/Frameworks",
				);
				PRODUCT_BUNDLE_IDENTIFIER = me.limonikas.Africa;
				PRODUCT_NAME = "$(TARGET_NAME)";
				SWIFT_VERSION = 5.0;
				TARGETED_DEVICE_FAMILY = "1,2";
			};
			name = Debug;
		};
		C1DFD04426F6B2F60080E388 /* Release */ = {
			isa = XCBuildConfiguration;
			buildSettings = {
				ASSETCATALOG_COMPILER_APPICON_NAME = AppIcon;
				ASSETCATALOG_COMPILER_GLOBAL_ACCENT_COLOR_NAME = AccentColor;
				CODE_SIGN_STYLE = Automatic;
				DEVELOPMENT_ASSET_PATHS = "\"Africa/Preview Content\"";
				DEVELOPMENT_TEAM = G9S572C5J2;
				ENABLE_PREVIEWS = YES;
				INFOPLIST_FILE = Africa/Info.plist;
				IPHONEOS_DEPLOYMENT_TARGET = 14.0;
				LD_RUNPATH_SEARCH_PATHS = (
					"$(inherited)",
					"@executable_path/Frameworks",
				);
				PRODUCT_BUNDLE_IDENTIFIER = me.limonikas.Africa;
				PRODUCT_NAME = "$(TARGET_NAME)";
				SWIFT_VERSION = 5.0;
				TARGETED_DEVICE_FAMILY = "1,2";
			};
			name = Release;
		};
/* End XCBuildConfiguration section */

/* Begin XCConfigurationList section */
		C1DFD02E26F6B2F60080E388 /* Build configuration list for PBXProject "Africa" */ = {
			isa = XCConfigurationList;
			buildConfigurations = (
				C1DFD04026F6B2F60080E388 /* Debug */,
				C1DFD04126F6B2F60080E388 /* Release */,
			);
			defaultConfigurationIsVisible = 0;
			defaultConfigurationName = Release;
		};
		C1DFD04226F6B2F60080E388 /* Build configuration list for PBXNativeTarget "Africa" */ = {
			isa = XCConfigurationList;
			buildConfigurations = (
				C1DFD04326F6B2F60080E388 /* Debug */,
				C1DFD04426F6B2F60080E388 /* Release */,
			);
			defaultConfigurationIsVisible = 0;
			defaultConfigurationName = Release;
		};
/* End XCConfigurationList section */
	};
	rootObject = C1DFD02B26F6B2F60080E388 /* Project object */;
}
